{
  "name": "package",
  "version": "1.0.0",
  "lockfileVersion": 1,
  "requires": true,
  "dependencies": {
    "medium-editor": {
      "version": "5.23.3",
      "resolved": "http://registry.npm.taobao.org/medium-editor/download/medium-editor-5.23.3.tgz",
      "integrity": "sha1-b7Y4dZri/HbEI/6wVvNG2cUY07c="
    }
  }
}
